// !$*UTF8*$!
{
	archiveVersion = 1;
	classes = {
	};
	objectVersion = 46;
	objects = {

/* Begin PBXBuildFile section */
		DC9D73571CCD1A6B00DDEE7B /* AppDelegate.swift in Sources */ = {isa = PBXBuildFile; fileRef = DC9D73561CCD1A6B00DDEE7B /* AppDelegate.swift */; };
		DC9D73591CCD1A6B00DDEE7B /* ViewController.swift in Sources */ = {isa = PBXBuildFile; fileRef = DC9D73581CCD1A6B00DDEE7B /* ViewController.swift */; };
		DC9D735C1CCD1A6B00DDEE7B /* Main.storyboard in Resources */ = {isa = PBXBuildFile; fileRef = DC9D735A1CCD1A6B00DDEE7B /* Main.storyboard */; };
		DC9D735E1CCD1A6B00DDEE7B /* Assets.xcassets in Resources */ = {isa = PBXBuildFile; fileRef = DC9D735D1CCD1A6B00DDEE7B /* Assets.xcassets */; };
		DC9D736B1CCD1ADB00DDEE7B /* Kiosk.swift in Sources */ = {isa = PBXBuildFile; fileRef = DC9D73691CCD1ADB00DDEE7B /* Kiosk.swift */; };
		DC9D736C1CCD1ADB00DDEE7B /* Settings.bundle in Resources */ = {isa = PBXBuildFile; fileRef = DC9D736A1CCD1ADB00DDEE7B /* Settings.bundle */; };
/* End PBXBuildFile section */

/* Begin PBXFileReference section */
		DC9D73531CCD1A6B00DDEE7B /* KioskApp2.app */ = {isa = PBXFileReference; explicitFileType = wrapper.application; includeInIndex = 0; path = KioskApp2.app; sourceTree = BUILT_PRODUCTS_DIR; };
		DC9D73561CCD1A6B00DDEE7B /* AppDelegate.swift */ = {isa = PBXFileReference; lastKnownFileType = sourcecode.swift; path = AppDelegate.swift; sourceTree = "<group>"; };
		DC9D73581CCD1A6B00DDEE7B /* ViewController.swift */ = {isa = PBXFileReference; lastKnownFileType = sourcecode.swift; path = ViewController.swift; sourceTree = "<group>"; };
		DC9D735B1CCD1A6B00DDEE7B /* Base */ = {isa = PBXFileReference; lastKnownFileType = file.storyboard; name = Base; path = Base.lproj/Main.storyboard; sourceTree = "<group>"; };
		DC9D735D1CCD1A6B00DDEE7B /* Assets.xcassets */ = {isa = PBXFileReference; lastKnownFileType = folder.assetcatalog; path = Assets.xcassets; sourceTree = "<group>"; };
		DC9D735F1CCD1A6B00DDEE7B /* Info.plist */ = {isa = PBXFileReference; lastKnownFileType = text.plist.xml; path = Info.plist; sourceTree = "<group>"; };
		DC9D73691CCD1ADB00DDEE7B /* Kiosk.swift */ = {isa = PBXFileReference; fileEncoding = 4; lastKnownFileType = sourcecode.swift; path = Kiosk.swift; sourceTree = "<group>"; };
		DC9D736A1CCD1ADB00DDEE7B /* Settings.bundle */ = {isa = PBXFileReference; lastKnownFileType = "wrapper.plug-in"; path = Settings.bundle; sourceTree = "<group>"; };
/* End PBXFileReference section */

/* Begin PBXFrameworksBuildPhase section */
		DC9D73501CCD1A6B00DDEE7B /* Frameworks */ = {
			isa = PBXFrameworksBuildPhase;
			buildActionMask = 2147483647;
			files = (
			);
			runOnlyForDeploymentPostprocessing = 0;
		};
/* End PBXFrameworksBuildPhase section */

/* Begin PBXGroup section */
		DC9D734A1CCD1A6B00DDEE7B = {
			isa = PBXGroup;
			children = (
				DC9D73551CCD1A6B00DDEE7B /* KioskApp2 */,
				DC9D73541CCD1A6B00DDEE7B /* Products */,
			);
			sourceTree = "<group>";
		};
		DC9D73541CCD1A6B00DDEE7B /* Products */ = {
			isa = PBXGroup;
			children = (
				DC9D73531CCD1A6B00DDEE7B /* KioskApp2.app */,
			);
			name = Products;
			sourceTree = "<group>";
		};
		DC9D73551CCD1A6B00DDEE7B /* KioskApp2 */ = {
			isa = PBXGroup;
			children = (
				DC9D73691CCD1ADB00DDEE7B /* Kiosk.swift */,
				DC9D736A1CCD1ADB00DDEE7B /* Settings.bundle */,
				DC9D73561CCD1A6B00DDEE7B /* AppDelegate.swift */,
				DC9D73581CCD1A6B00DDEE7B /* ViewController.swift */,
				DC9D735A1CCD1A6B00DDEE7B /* Main.storyboard */,
				DC9D735D1CCD1A6B00DDEE7B /* Assets.xcassets */,
				DC9D735F1CCD1A6B00DDEE7B /* Info.plist */,
			);
			path = KioskApp2;
			sourceTree = "<group>";
		};
/* End PBXGroup section */

/* Begin PBXNativeTarget section */
		DC9D73521CCD1A6B00DDEE7B /* KioskApp2 */ = {
			isa = PBXNativeTarget;
			buildConfigurationList = DC9D73621CCD1A6B00DDEE7B /* Build configuration list for PBXNativeTarget "KioskApp2" */;
			buildPhases = (
				DC9D734F1CCD1A6B00DDEE7B /* Sources */,
				DC9D73501CCD1A6B00DDEE7B /* Frameworks */,
				DC9D73511CCD1A6B00DDEE7B /* Resources */,
			);
			buildRules = (
			);
			dependencies = (
			);
			name = KioskApp2;
			productName = KioskApp2;
			productReference = DC9D73531CCD1A6B00DDEE7B /* KioskApp2.app */;
			productType = "com.apple.product-type.application";
		};
/* End PBXNativeTarget section */

/* Begin PBXProject section */
		DC9D734B1CCD1A6B00DDEE7B /* Project object */ = {
			isa = PBXProject;
			attributes = {
				LastSwiftUpdateCheck = 0730;
				LastUpgradeCheck = 0730;
				ORGANIZATIONNAME = "David House";
				TargetAttributes = {
					DC9D73521CCD1A6B00DDEE7B = {
						CreatedOnToolsVersion = 7.3;
					};
				};
			};
			buildConfigurationList = DC9D734E1CCD1A6B00DDEE7B /* Build configuration list for PBXProject "KioskApp2" */;
			compatibilityVersion = "Xcode 3.2";
			developmentRegion = English;
			hasScannedForEncodings = 0;
			knownRegions = (
				en,
				Base,
			);
			mainGroup = DC9D734A1CCD1A6B00DDEE7B;
			productRefGroup = DC9D73541CCD1A6B00DDEE7B /* Products */;
			projectDirPath = "";
			projectRoot = "";
			targets = (
				DC9D73521CCD1A6B00DDEE7B /* KioskApp2 */,
			);
		};
/* End PBXProject section */

/* Begin PBXResourcesBuildPhase section */
		DC9D73511CCD1A6B00DDEE7B /* Resources */ = {
			isa = PBXResourcesBuildPhase;
			buildActionMask = 2147483647;
			files = (
				DC9D735E1CCD1A6B00DDEE7B /* Assets.xcassets in Resources */,
				DC9D736C1CCD1ADB00DDEE7B /* Settings.bundle in Resources */,
				DC9D735C1CCD1A6B00DDEE7B /* Main.storyboard in Resources */,
			);
			runOnlyForDeploymentPostprocessing = 0;
		};
/* End PBXResourcesBuildPhase section */

/* Begin PBXSourcesBuildPhase section */
		DC9D734F1CCD1A6B00DDEE7B /* Sources */ = {
			isa = PBXSourcesBuildPhase;
			buildActionMask = 2147483647;
			files = (
				DC9D736B1CCD1ADB00DDEE7B /* Kiosk.swift in Sources */,
				DC9D73591CCD1A6B00DDEE7B /* ViewController.swift in Sources */,
				DC9D73571CCD1A6B00DDEE7B /* AppDelegate.swift in Sources */,
			);
			runOnlyForDeploymentPostprocessing = 0;
		};
/* End PBXSourcesBuildPhase section */

/* Begin PBXVariantGroup section */
		DC9D735A1CCD1A6B00DDEE7B /* Main.storyboard */ = {
			isa = PBXVariantGroup;
			children = (
				DC9D735B1CCD1A6B00DDEE7B /* Base */,
			);
			name = Main.storyboard;
			sourceTree = "<group>";
		};
/* End PBXVariantGroup section */

/* Begin XCBuildConfiguration section */
		DC9D73601CCD1A6B00DDEE7B /* Debug */ = {
			isa = XCBuildConfiguration;
			buildSettings = {
				ALWAYS_SEARCH_USER_PATHS = NO;
				CLANG_ANALYZER_NONNULL = YES;
				CLANG_CXX_LANGUAGE_STANDARD = "gnu++0x";
				CLANG_CXX_LIBRARY = "libc++";
				CLANG_ENABLE_MODULES = YES;
				CLANG_ENABLE_OBJC_ARC = YES;
				CLANG_WARN_BOOL_CONVERSION = YES;
				CLANG_WARN_CONSTANT_CONVERSION = YES;
				CLANG_WARN_DIRECT_OBJC_ISA_USAGE = YES_ERROR;
				CLANG_WARN_EMPTY_BODY = YES;
				CLANG_WARN_ENUM_CONVERSION = YES;
				CLANG_WARN_INT_CONVERSION = YES;
				CLANG_WARN_OBJC_ROOT_CLASS = YES_ERROR;
				CLANG_WARN_UNREACHABLE_CODE = YES;
				CLANG_WARN__DUPLICATE_METHOD_MATCH = YES;
				COPY_PHASE_STRIP = NO;
				DEBUG_INFORMATION_FORMAT = dwarf;
				ENABLE_STRICT_OBJC_MSGSEND = YES;
				ENABLE_TESTABILITY = YES;
				GCC_C_LANGUAGE_STANDARD = gnu99;
				GCC_DYNAMIC_NO_PIC = NO;
				GCC_NO_COMMON_BLOCKS = YES;
				GCC_OPTIMIZATION_LEVEL = 0;
				GCC_PREPROCESSOR_DEFINITIONS = (
					"DEBUG=1",
					"$(inherited)",
				);
				GCC_WARN_64_TO_32_BIT_CONVERSION = YES;
				GCC_WARN_ABOUT_RETURN_TYPE = YES_ERROR;
				GCC_WARN_UNDECLARED_SELECTOR = YES;
				GCC_WARN_UNINITIALIZED_AUTOS = YES_AGGRESSIVE;
				GCC_WARN_UNUSED_FUNCTION = YES;
				GCC_WARN_UNUSED_VARIABLE = YES;
				MTL_ENABLE_DEBUG_INFO = YES;
				ONLY_ACTIVE_ARCH = YES;
				SDKROOT = appletvos;
				SWIFT_OPTIMIZATION_LEVEL = "-Onone";
				TARGETED_DEVICE_FAMILY = 3;
				TVOS_DEPLOYMENT_TARGET = 9.2;
			};
			name = Debug;
		};
		DC9D73611CCD1A6B00DDEE7B /* Release */ = {
			isa = XCBuildConfiguration;
			buildSettings = {
				ALWAYS_SEARCH_USER_PATHS = NO;
				CLANG_ANALYZER_NONNULL = YES;
				CLANG_CXX_LANGUAGE_STANDARD = "gnu++0x";
				CLANG_CXX_LIBRARY = "libc++";
				CLANG_ENABLE_MODULES = YES;
				CLANG_ENABLE_OBJC_ARC = YES;
				CLANG_WARN_BOOL_CONVERSION = YES;
				CLANG_WARN_CONSTANT_CONVERSION = YES;
				CLANG_WARN_DIRECT_OBJC_ISA_USAGE = YES_ERROR;
				CLANG_WARN_EMPTY_BODY = YES;
				CLANG_WARN_ENUM_CONVERSION = YES;
				CLANG_WARN_INT_CONVERSION = YES;
				CLANG_WARN_OBJC_ROOT_CLASS = YES_ERROR;
				CLANG_WARN_UNREACHABLE_CODE = YES;
				CLANG_WARN__DUPLICATE_METHOD_MATCH = YES;
				COPY_PHASE_STRIP = NO;
				DEBUG_INFORMATION_FORMAT = "dwarf-with-dsym";
				ENABLE_NS_ASSERTIONS = NO;
				ENABLE_STRICT_OBJC_MSGSEND = YES;
				GCC_C_LANGUAGE_STANDARD = gnu99;
				GCC_NO_COMMON_BLOCKS = YES;
				GCC_WARN_64_TO_32_BIT_CONVERSION = YES;
				GCC_WARN_ABOUT_RETURN_TYPE = YES_ERROR;
				GCC_WARN_UNDECLARED_SELECTOR = YES;
				GCC_WARN_UNINITIALIZED_AUTOS = YES_AGGRESSIVE;
				GCC_WARN_UNUSED_FUNCTION = YES;
				GCC_WARN_UNUSED_VARIABLE = YES;
				MTL_ENABLE_DEBUG_INFO = NO;
				SDKROOT = appletvos;
				TARGETED_DEVICE_FAMILY = 3;
				TVOS_DEPLOYMENT_TARGET = 9.2;
				VALIDATE_PRODUCT = YES;
			};
			name = Release;
		};
		DC9D73631CCD1A6B00DDEE7B /* Debug */ = {
			isa = XCBuildConfiguration;
			buildSettings = {
				ASSETCATALOG_COMPILER_APPICON_NAME = "App Icon & Top Shelf Image";
				ASSETCATALOG_COMPILER_LAUNCHIMAGE_NAME = LaunchImage;
				INFOPLIST_FILE = KioskApp2/Info.plist;
				LD_RUNPATH_SEARCH_PATHS = "$(inherited) @executable_path/Frameworks";
				PRODUCT_BUNDLE_IDENTIFIER = com.davidahouse.KioskApp2;
				PRODUCT_NAME = "$(TARGET_NAME)";
			};
			name = Debug;
		};
		DC9D73641CCD1A6B00DDEE7B /* Release */ = {
			isa = XCBuildConfiguration;
			buildSettings = {
				ASSETCATALOG_COMPILER_APPICON_NAME = "App Icon & Top Shelf Image";
				ASSETCATALOG_COMPILER_LAUNCHIMAGE_NAME = LaunchImage;
				INFOPLIST_FILE = KioskApp2/Info.plist;
				LD_RUNPATH_SEARCH_PATHS = "$(inherited) @executable_path/Frameworks";
				PRODUCT_BUNDLE_IDENTIFIER = com.davidahouse.KioskApp2;
				PRODUCT_NAME = "$(TARGET_NAME)";
			};
			name = Release;
		};
/* End XCBuildConfiguration section */

/* Begin XCConfigurationList section */
		DC9D734E1CCD1A6B00DDEE7B /* Build configuration list for PBXProject "KioskApp2" */ = {
			isa = XCConfigurationList;
			buildConfigurations = (
				DC9D73601CCD1A6B00DDEE7B /* Debug */,
				DC9D73611CCD1A6B00DDEE7B /* Release */,
			);
			defaultConfigurationIsVisible = 0;
			defaultConfigurationName = Release;
		};
		DC9D73621CCD1A6B00DDEE7B /* Build configuration list for PBXNativeTarget "KioskApp2" */ = {
			isa = XCConfigurationList;
			buildConfigurations = (
				DC9D73631CCD1A6B00DDEE7B /* Debug */,
				DC9D73641CCD1A6B00DDEE7B /* Release */,
			);
			defaultConfigurationIsVisible = 0;
			defaultConfigurationName = Release;
		};
/* End XCConfigurationList section */
	};
	rootObject = DC9D734B1CCD1A6B00DDEE7B /* Project object */;
}
